{
  "name": "crowd-autentication",
  "version": "1.0.0",
  "lockfileVersion": 1,
  "requires": true,
  "dependencies": {
    "atlassian-crowd-client": {
      "version": "2.0.0",
      "resolved": "https://registry.npmjs.org/atlassian-crowd-client/-/atlassian-crowd-client-2.0.0.tgz",
      "integrity": "sha512-0rY2033XvSAQD61so2UNbyT5mowEsIbDid8/ws4x/dXc7hWx15mA5A9NfiLBB8gPQigOmuRhvFqK+RrRfYw06w==",
      "requires": {
        "core-js": "0.9.18"
      }
    },
    "core-js": {
      "version": "0.9.18",
      "resolved": "https://registry.npmjs.org/core-js/-/core-js-0.9.18.tgz",
      "integrity": "sha1-E/RY5DAjKw9OwfSA2nwvUojp0JU="
    }
  }
}
